
Microsoft Visual Studio Solution File, Format Version 12.00
# Visual Studio 14
VisualStudioVersion = 14.0.25420.1
MinimumVisualStudioVersion = 10.0.40219.1
Project("{FAE04EC0-301F-11D3-BF4B-00C04F79EFBC}") = "Capstone-Api", "Capstone-Api\Capstone-Api.csproj", "{D47ACDB6-0DB6-4498-AEEF-AF88C3BD32BD}"
EndProject
Global
	GlobalSection(SolutionConfigurationPlatforms) = preSolution
		Ad-Hoc|Any CPU = Ad-Hoc|Any CPU
		Ad-Hoc|iPhone = Ad-Hoc|iPhone
		Ad-Hoc|iPhoneSimulator = Ad-Hoc|iPhoneSimulator
		Ad-Hoc|x64 = Ad-Hoc|x64
		AppStore|Any CPU = AppStore|Any CPU
		AppStore|iPhone = AppStore|iPhone
		AppStore|iPhoneSimulator = AppStore|iPhoneSimulator
		AppStore|x64 = AppStore|x64
		Debug|Any CPU = Debug|Any CPU
		Debug|iPhone = Debug|iPhone
		Debug|iPhoneSimulator = Debug|iPhoneSimulator
		Debug|x64 = Debug|x64
		Release|Any CPU = Release|Any CPU
		Release|iPhone = Release|iPhone
		Release|iPhoneSimulator = Release|iPhoneSimulator
		Release|x64 = Release|x64
	EndGlobalSection
	GlobalSection(ProjectConfigurationPlatforms) = postSolution
		{D47ACDB6-0DB6-4498-AEEF-AF88C3BD32BD}.Ad-Hoc|Any CPU.ActiveCfg = Release|Any CPU
		{D47ACDB6-0DB6-4498-AEEF-AF88C3BD32BD}.Ad-Hoc|Any CPU.Build.0 = Release|Any CPU
		{D47ACDB6-0DB6-4498-AEEF-AF88C3BD32BD}.Ad-Hoc|iPhone.ActiveCfg = Release|Any CPU
		{D47ACDB6-0DB6-4498-AEEF-AF88C3BD32BD}.Ad-Hoc|iPhone.Build.0 = Release|Any CPU
		{D47ACDB6-0DB6-4498-AEEF-AF88C3BD32BD}.Ad-Hoc|iPhoneSimulator.ActiveCfg = Release|Any CPU
		{D47ACDB6-0DB6-4498-AEEF-AF88C3BD32BD}.Ad-Hoc|iPhoneSimulator.Build.0 = Release|Any CPU
		{D47ACDB6-0DB6-4498-AEEF-AF88C3BD32BD}.Ad-Hoc|x64.ActiveCfg = Debug|Any CPU
		{D47ACDB6-0DB6-4498-AEEF-AF88C3BD32BD}.Ad-Hoc|x64.Build.0 = Debug|Any CPU
		{D47ACDB6-0DB6-4498-AEEF-AF88C3BD32BD}.AppStore|Any CPU.ActiveCfg = Release|Any CPU
		{D47ACDB6-0DB6-4498-AEEF-AF88C3BD32BD}.AppStore|Any CPU.Build.0 = Release|Any CPU
		{D47ACDB6-0DB6-4498-AEEF-AF88C3BD32BD}.AppStore|iPhone.ActiveCfg = Release|Any CPU
		{D47ACDB6-0DB6-4498-AEEF-AF88C3BD32BD}.AppStore|iPhone.Build.0 = Release|Any CPU
		{D47ACDB6-0DB6-4498-AEEF-AF88C3BD32BD}.AppStore|iPhoneSimulator.ActiveCfg = Release|Any CPU
		{D47ACDB6-0DB6-4498-AEEF-AF88C3BD32BD}.AppStore|iPhoneSimulator.Build.0 = Release|Any CPU
		{D47ACDB6-0DB6-4498-AEEF-AF88C3BD32BD}.AppStore|x64.ActiveCfg = Debug|Any CPU
		{D47ACDB6-0DB6-4498-AEEF-AF88C3BD32BD}.AppStore|x64.Build.0 = Debug|Any CPU
		{D47ACDB6-0DB6-4498-AEEF-AF88C3BD32BD}.Debug|Any CPU.ActiveCfg = Debug|Any CPU
		{D47ACDB6-0DB6-4498-AEEF-AF88C3BD32BD}.Debug|Any CPU.Build.0 = Debug|Any CPU
		{D47ACDB6-0DB6-4498-AEEF-AF88C3BD32BD}.Debug|iPhone.ActiveCfg = Debug|Any CPU
		{D47ACDB6-0DB6-4498-AEEF-AF88C3BD32BD}.Debug|iPhone.Build.0 = Debug|Any CPU
		{D47ACDB6-0DB6-4498-AEEF-AF88C3BD32BD}.Debug|iPhoneSimulator.ActiveCfg = Debug|Any CPU
		{D47ACDB6-0DB6-4498-AEEF-AF88C3BD32BD}.Debug|iPhoneSimulator.Build.0 = Debug|Any CPU
		{D47ACDB6-0DB6-4498-AEEF-AF88C3BD32BD}.Debug|x64.ActiveCfg = Debug|Any CPU
		{D47ACDB6-0DB6-4498-AEEF-AF88C3BD32BD}.Debug|x64.Build.0 = Debug|Any CPU
		{D47ACDB6-0DB6-4498-AEEF-AF88C3BD32BD}.Release|Any CPU.ActiveCfg = Release|Any CPU
		{D47ACDB6-0DB6-4498-AEEF-AF88C3BD32BD}.Release|Any CPU.Build.0 = Release|Any CPU
		{D47ACDB6-0DB6-4498-AEEF-AF88C3BD32BD}.Release|iPhone.ActiveCfg = Release|Any CPU
		{D47ACDB6-0DB6-4498-AEEF-AF88C3BD32BD}.Release|iPhone.Build.0 = Release|Any CPU
		{D47ACDB6-0DB6-4498-AEEF-AF88C3BD32BD}.Release|iPhoneSimulator.ActiveCfg = Release|Any CPU
		{D47ACDB6-0DB6-4498-AEEF-AF88C3BD32BD}.Release|iPhoneSimulator.Build.0 = Release|Any CPU
		{D47ACDB6-0DB6-4498-AEEF-AF88C3BD32BD}.Release|x64.ActiveCfg = Release|Any CPU
		{D47ACDB6-0DB6-4498-AEEF-AF88C3BD32BD}.Release|x64.Build.0 = Release|Any CPU
	EndGlobalSection
	GlobalSection(SolutionProperties) = preSolution
		HideSolutionNode = FALSE
	EndGlobalSection
EndGlobal
